
Microsoft Visual Studio Solution File, Format Version 12.00
# Visual Studio Version 16
VisualStudioVersion = 16.0.31112.23
MinimumVisualStudioVersion = 10.0.40219.1
Project("{FAE04EC0-301F-11D3-BF4B-00C04F79EFBC}") = "CollectionDataBinding", "CollectionDataBinding.csproj", "{89FEE0D4-A887-483D-9E81-15B038A5DBE7}"
EndProject
Global
	GlobalSection(SolutionConfigurationPlatforms) = preSolution
		Debug|Any CPU = Debug|Any CPU
		Release|Any CPU = Release|Any CPU
	EndGlobalSection
	GlobalSection(ProjectConfigurationPlatforms) = postSolution
		{89FEE0D4-A887-483D-9E81-15B038A5DBE7}.Debug|Any CPU.ActiveCfg = Debug|Any CPU
		{89FEE0D4-A887-483D-9E81-15B038A5DBE7}.Debug|Any CPU.Build.0 = Debug|Any CPU
		{89FEE0D4-A887-483D-9E81-15B038A5DBE7}.Release|Any CPU.ActiveCfg = Release|Any CPU
		{89FEE0D4-A887-483D-9E81-15B038A5DBE7}.Release|Any CPU.Build.0 = Release|Any CPU
	EndGlobalSection
	GlobalSection(SolutionProperties) = preSolution
		HideSolutionNode = FALSE
	EndGlobalSection
	GlobalSection(ExtensibilityGlobals) = postSolution
		SolutionGuid = {0157171D-33C2-423C-8CBB-F0F15F403A1B}
	EndGlobalSection
EndGlobal
